
Microsoft Visual Studio Solution File, Format Version 12.00
# Visual Studio Version 17
VisualStudioVersion = 17.11.35327.3
MinimumVisualStudioVersion = 10.0.40219.1
Project("{FAE04EC0-301F-11D3-BF4B-00C04F79EFBC}") = "InvoiceApp", "InvoiceApp\InvoiceApp.csproj", "{850FC426-7FB0-4A6F-8347-B80E2937F085}"
EndProject
Global
	GlobalSection(SolutionConfigurationPlatforms) = preSolution
		Debug|Any CPU = Debug|Any CPU
		Release|Any CPU = Release|Any CPU
	EndGlobalSection
	GlobalSection(ProjectConfigurationPlatforms) = postSolution
		{850FC426-7FB0-4A6F-8347-B80E2937F085}.Debug|Any CPU.ActiveCfg = Debug|Any CPU
		{850FC426-7FB0-4A6F-8347-B80E2937F085}.Debug|Any CPU.Build.0 = Debug|Any CPU
		{850FC426-7FB0-4A6F-8347-B80E2937F085}.Release|Any CPU.ActiveCfg = Release|Any CPU
		{850FC426-7FB0-4A6F-8347-B80E2937F085}.Release|Any CPU.Build.0 = Release|Any CPU
	EndGlobalSection
	GlobalSection(SolutionProperties) = preSolution
		HideSolutionNode = FALSE
	EndGlobalSection
	GlobalSection(ExtensibilityGlobals) = postSolution
		SolutionGuid = {57DD434F-C462-4FDD-837A-93D4875C4EE4}
	EndGlobalSection
EndGlobal
